
Microsoft Visual Studio Solution File, Format Version 12.00
# Visual Studio Version 17
VisualStudioVersion = 17.14.36518.9 d17.14
MinimumVisualStudioVersion = 10.0.40219.1
Project("{FAE04EC0-301F-11D3-BF4B-00C04F79EFBC}") = "WinFormsApp6", "WinFormsApp6\WinFormsApp6.csproj", "{AA628F68-5245-4204-BAA3-5E855F21DEFF}"
EndProject
Global
	GlobalSection(SolutionConfigurationPlatforms) = preSolution
		Debug|Any CPU = Debug|Any CPU
		Release|Any CPU = Release|Any CPU
	EndGlobalSection
	GlobalSection(ProjectConfigurationPlatforms) = postSolution
		{AA628F68-5245-4204-BAA3-5E855F21DEFF}.Debug|Any CPU.ActiveCfg = Debug|Any CPU
		{AA628F68-5245-4204-BAA3-5E855F21DEFF}.Debug|Any CPU.Build.0 = Debug|Any CPU
		{AA628F68-5245-4204-BAA3-5E855F21DEFF}.Release|Any CPU.ActiveCfg = Release|Any CPU
		{AA628F68-5245-4204-BAA3-5E855F21DEFF}.Release|Any CPU.Build.0 = Release|Any CPU
	EndGlobalSection
	GlobalSection(SolutionProperties) = preSolution
		HideSolutionNode = FALSE
	EndGlobalSection
	GlobalSection(ExtensibilityGlobals) = postSolution
		SolutionGuid = {B84D16A4-36E9-48A9-BE37-2C101CC2A58B}
	EndGlobalSection
EndGlobal
